schema: '2.0'
stages:
  prepare:
    cmd: python prepare_data.py data/iris.csv
    deps:
    - path: data/iris.csv
      hash: md5
      md5: 341a3b5244f213282b7b0920b729c592
      size: 3975
    - path: prepare_data.py
      hash: md5
      md5: 946872cfa4ccbccef0ac72b66ddb59e3
      size: 590
    outs:
    - path: data/prepare
      hash: md5
      md5: 77dec59bba928ba760300f03c6ab0cf5.dir
      size: 3400
      nfiles: 1
  train:
    cmd: python train_model.py data/prepare data/train
    deps:
    - path: data/prepare/data.csv
      hash: md5
      md5: e5bd2be381c20b45bf409c855dee17fc
      size: 3400
    - path: train_model.py
      hash: md5
      md5: e9d97ddf1ae2025a86c31ab537b9522f
      size: 3685
    params:
      params.yaml:
        train.learning_rate: 0.01
        train.num_epochs: 100
        train.test_size: 0.2
    outs:
    - path: data/train
      hash: md5
      md5: 50570a3c865d2ebdfadff13c8c02f400.dir
      size: 19031
      nfiles: 5
  evaluate:
    cmd: python evaluate_model.py data/train data/evaluate
    deps:
    - path: data/train/X_test.pkl
      hash: md5
      md5: b4cfec429b973ef960949bc40bb1caea
      size: 879
    - path: data/train/losses_test.csv
      hash: md5
      md5: 3527cce23e2638ae7f7528afdb271c57
      size: 2304
    - path: data/train/losses_train.csv
      hash: md5
      md5: 821d749f485e0ca92390639e80815ec3
      size: 2324
    - path: data/train/model.pkl
      hash: md5
      md5: 874ed883a7de1b3708ccfcffd0fdf394
      size: 12890
    - path: data/train/y_test.pkl
      hash: md5
      md5: 160dcbf67a5d0e737dfff394a323036c
      size: 634
    - path: evaluate_model.py
      hash: md5
      md5: c29049d46d27f64f261aa61d18bbdc5d
      size: 2729
    outs:
    - path: data/evaluate
      hash: md5
      md5: 9d2acebf3d7805673cdcb8118b79bd1a.dir
      size: 38010
      nfiles: 2
